
Microsoft Visual Studio Solution File, Format Version 12.00
# Visual Studio 15
VisualStudioVersion = 15.0.27004.2005
MinimumVisualStudioVersion = 10.0.40219.1
Project("{FAE04EC0-301F-11D3-BF4B-00C04F79EFBC}") = "CloudCapTileConverter", "CloudCapTileConverter\CloudCapTileConverter.csproj", "{A458AA0D-AA4E-4F42-A5A3-977C6F847960}"
EndProject
Global
	GlobalSection(SolutionConfigurationPlatforms) = preSolution
		Debug|Any CPU = Debug|Any CPU
		Release|Any CPU = Release|Any CPU
	EndGlobalSection
	GlobalSection(ProjectConfigurationPlatforms) = postSolution
		{A458AA0D-AA4E-4F42-A5A3-977C6F847960}.Debug|Any CPU.ActiveCfg = Debug|Any CPU
		{A458AA0D-AA4E-4F42-A5A3-977C6F847960}.Debug|Any CPU.Build.0 = Debug|Any CPU
		{A458AA0D-AA4E-4F42-A5A3-977C6F847960}.Release|Any CPU.ActiveCfg = Release|Any CPU
		{A458AA0D-AA4E-4F42-A5A3-977C6F847960}.Release|Any CPU.Build.0 = Release|Any CPU
	EndGlobalSection
	GlobalSection(SolutionProperties) = preSolution
		HideSolutionNode = FALSE
	EndGlobalSection
	GlobalSection(ExtensibilityGlobals) = postSolution
		SolutionGuid = {7C9E3D95-1C67-413B-AED2-F87E81C17391}
	EndGlobalSection
EndGlobal
